
Microsoft Visual Studio Solution File, Format Version 12.00
# Visual Studio 2017
Project("{FAE04EC0-301F-11D3-BF4B-00C04F79EFBC}") = "Murka_Test", "Murka_Test.csproj", "{2B4E09F7-0F24-E009-4C14-4508A7405E60}"
EndProject
Project("{FAE04EC0-301F-11D3-BF4B-00C04F79EFBC}") = "Murka_Test.Editor", "Murka_Test.Editor.csproj", "{4A10FDEA-57A8-C270-0CD8-6736A9CDB017}"
EndProject
Global
	GlobalSection(SolutionConfigurationPlatforms) = preSolution
		Debug|Any CPU = Debug|Any CPU
		Release|Any CPU = Release|Any CPU
	EndGlobalSection
	GlobalSection(ProjectConfigurationPlatforms) = postSolution
		{2B4E09F7-0F24-E009-4C14-4508A7405E60}.Debug|Any CPU.ActiveCfg = Debug|Any CPU
		{2B4E09F7-0F24-E009-4C14-4508A7405E60}.Debug|Any CPU.Build.0 = Debug|Any CPU
		{2B4E09F7-0F24-E009-4C14-4508A7405E60}.Release|Any CPU.ActiveCfg = Release|Any CPU
		{2B4E09F7-0F24-E009-4C14-4508A7405E60}.Release|Any CPU.Build.0 = Release|Any CPU
		{4A10FDEA-57A8-C270-0CD8-6736A9CDB017}.Debug|Any CPU.ActiveCfg = Debug|Any CPU
		{4A10FDEA-57A8-C270-0CD8-6736A9CDB017}.Debug|Any CPU.Build.0 = Debug|Any CPU
		{4A10FDEA-57A8-C270-0CD8-6736A9CDB017}.Release|Any CPU.ActiveCfg = Release|Any CPU
		{4A10FDEA-57A8-C270-0CD8-6736A9CDB017}.Release|Any CPU.Build.0 = Release|Any CPU
	EndGlobalSection
	GlobalSection(SolutionProperties) = preSolution
		HideSolutionNode = FALSE
	EndGlobalSection
EndGlobal
